
Microsoft Visual Studio Solution File, Format Version 11.00
# Visual Studio 2010
Project("{F184B08F-C81C-45F6-A57F-5ABD9991F28F}") = "Inicio Menu - ArgenSky", "Inicio Menu - ArgenSky\Inicio Menu - ArgenSky.vbproj", "{671D00F7-E69F-4009-9597-BCC755FE0268}"
EndProject
Global
	GlobalSection(SolutionConfigurationPlatforms) = preSolution
		Debug|x86 = Debug|x86
		Release|x86 = Release|x86
	EndGlobalSection
	GlobalSection(ProjectConfigurationPlatforms) = postSolution
		{671D00F7-E69F-4009-9597-BCC755FE0268}.Debug|x86.ActiveCfg = Debug|x86
		{671D00F7-E69F-4009-9597-BCC755FE0268}.Debug|x86.Build.0 = Debug|x86
		{671D00F7-E69F-4009-9597-BCC755FE0268}.Release|x86.ActiveCfg = Release|x86
		{671D00F7-E69F-4009-9597-BCC755FE0268}.Release|x86.Build.0 = Release|x86
	EndGlobalSection
	GlobalSection(SolutionProperties) = preSolution
		HideSolutionNode = FALSE
	EndGlobalSection
EndGlobal
